{
  "version": 4,
  "terraform_version": "1.14.5",
  "serial": 4,
  "lineage": "dfc91566-a0a0-1c0e-1715-668d7e1f5651",
  "outputs": {},
  "resources": [
    {
      "module": "module.frontend_contabilidad",
      "mode": "managed",
      "type": "cloudflare_pages_project",
      "name": "frontend",
      "provider": "provider[\"registry.terraform.io/cloudflare/cloudflare\"]",
      "instances": [
        {
          "schema_version": 0,
          "attributes": {
            "account_id": "af8a53cede3144c25237a3f0a5ff4e95",
            "build_config": [
              {
                "build_caching": false,
                "build_command": "npm run build",
                "destination_dir": "dist",
                "root_dir": "front/contabilidad",
                "web_analytics_tag": "",
                "web_analytics_token": ""
              }
            ],
            "created_on": "2026-04-30T21:23:01Z",
            "deployment_configs": [
              {
                "preview": [
                  {
                    "always_use_latest_compatibility_date": false,
                    "compatibility_date": "2026-04-30",
                    "compatibility_flags": [],
                    "d1_databases": null,
                    "durable_object_namespaces": null,
                    "environment_variables": {
                      "NODE_VERSION": "20"
                    },
                    "fail_open": true,
                    "kv_namespaces": null,
                    "placement": [
                      {
                        "mode": ""
                      }
                    ],
                    "r2_buckets": null,
                    "secrets": null,
                    "service_binding": [],
                    "usage_model": "standard"
                  }
                ],
                "production": [
                  {
                    "always_use_latest_compatibility_date": false,
                    "compatibility_date": "2026-04-30",
                    "compatibility_flags": [],
                    "d1_databases": null,
                    "durable_object_namespaces": null,
                    "environment_variables": {
                      "NODE_VERSION": "20"
                    },
                    "fail_open": true,
                    "kv_namespaces": null,
                    "placement": [
                      {
                        "mode": ""
                      }
                    ],
                    "r2_buckets": null,
                    "secrets": null,
                    "service_binding": [],
                    "usage_model": "standard"
                  }
                ]
              }
            ],
            "domains": [
              "cosmos-contabilidad-poc.pages.dev"
            ],
            "id": "cosmos-contabilidad-poc",
            "name": "cosmos-contabilidad-poc",
            "production_branch": "main",
            "source": [
              {
                "config": [
                  {
                    "deployments_enabled": true,
                    "owner": "didierymartinez",
                    "pr_comments_enabled": true,
                    "preview_branch_excludes": [
                      "main",
                      "master"
                    ],
                    "preview_branch_includes": [
                      "*"
                    ],
                    "preview_deployment_setting": "all",
                    "production_branch": "main",
                    "production_deployment_enabled": true,
                    "repo_name": "poc-frontdoor"
                  }
                ],
                "type": "github"
              }
            ],
            "subdomain": "cosmos-contabilidad-poc.pages.dev"
          },
          "sensitive_attributes": [
            [
              {
                "type": "get_attr",
                "value": "deployment_configs"
              },
              {
                "type": "index",
                "value": {
                  "value": 0,
                  "type": "number"
                }
              },
              {
                "type": "get_attr",
                "value": "preview"
              },
              {
                "type": "index",
                "value": {
                  "value": 0,
                  "type": "number"
                }
              },
              {
                "type": "get_attr",
                "value": "secrets"
              }
            ],
            [
              {
                "type": "get_attr",
                "value": "deployment_configs"
              },
              {
                "type": "index",
                "value": {
                  "value": 0,
                  "type": "number"
                }
              },
              {
                "type": "get_attr",
                "value": "production"
              },
              {
                "type": "index",
                "value": {
                  "value": 0,
                  "type": "number"
                }
              },
              {
                "type": "get_attr",
                "value": "secrets"
              }
            ]
          ],
          "identity_schema_version": 0,
          "private": "bnVsbA=="
        }
      ]
    },
    {
      "module": "module.frontend_facturacion",
      "mode": "managed",
      "type": "cloudflare_pages_project",
      "name": "frontend",
      "provider": "provider[\"registry.terraform.io/cloudflare/cloudflare\"]",
      "instances": [
        {
          "schema_version": 0,
          "attributes": {
            "account_id": "af8a53cede3144c25237a3f0a5ff4e95",
            "build_config": [
              {
                "build_caching": false,
                "build_command": "npm run build",
                "destination_dir": "dist",
                "root_dir": "front/monorepo/apps/facturacion",
                "web_analytics_tag": "",
                "web_analytics_token": ""
              }
            ],
            "created_on": "2026-04-30T21:23:00Z",
            "deployment_configs": [
              {
                "preview": [
                  {
                    "always_use_latest_compatibility_date": false,
                    "compatibility_date": "2026-04-30",
                    "compatibility_flags": [],
                    "d1_databases": null,
                    "durable_object_namespaces": null,
                    "environment_variables": {
                      "NODE_VERSION": "20"
                    },
                    "fail_open": true,
                    "kv_namespaces": null,
                    "placement": [
                      {
                        "mode": ""
                      }
                    ],
                    "r2_buckets": null,
                    "secrets": null,
                    "service_binding": [],
                    "usage_model": "standard"
                  }
                ],
                "production": [
                  {
                    "always_use_latest_compatibility_date": false,
                    "compatibility_date": "2026-04-30",
                    "compatibility_flags": [],
                    "d1_databases": null,
                    "durable_object_namespaces": null,
                    "environment_variables": {
                      "NODE_VERSION": "20"
                    },
                    "fail_open": true,
                    "kv_namespaces": null,
                    "placement": [
                      {
                        "mode": ""
                      }
                    ],
                    "r2_buckets": null,
                    "secrets": null,
                    "service_binding": [],
                    "usage_model": "standard"
                  }
                ]
              }
            ],
            "domains": [
              "cosmos-facturacion-poc.pages.dev"
            ],
            "id": "cosmos-facturacion-poc",
            "name": "cosmos-facturacion-poc",
            "production_branch": "main",
            "source": [
              {
                "config": [
                  {
                    "deployments_enabled": true,
                    "owner": "didierymartinez",
                    "pr_comments_enabled": true,
                    "preview_branch_excludes": [
                      "main",
                      "master"
                    ],
                    "preview_branch_includes": [
                      "*"
                    ],
                    "preview_deployment_setting": "all",
                    "production_branch": "main",
                    "production_deployment_enabled": true,
                    "repo_name": "poc-frontdoor"
                  }
                ],
                "type": "github"
              }
            ],
            "subdomain": "cosmos-facturacion-poc.pages.dev"
          },
          "sensitive_attributes": [
            [
              {
                "type": "get_attr",
                "value": "deployment_configs"
              },
              {
                "type": "index",
                "value": {
                  "value": 0,
                  "type": "number"
                }
              },
              {
                "type": "get_attr",
                "value": "preview"
              },
              {
                "type": "index",
                "value": {
                  "value": 0,
                  "type": "number"
                }
              },
              {
                "type": "get_attr",
                "value": "secrets"
              }
            ],
            [
              {
                "type": "get_attr",
                "value": "deployment_configs"
              },
              {
                "type": "index",
                "value": {
                  "value": 0,
                  "type": "number"
                }
              },
              {
                "type": "get_attr",
                "value": "production"
              },
              {
                "type": "index",
                "value": {
                  "value": 0,
                  "type": "number"
                }
              },
              {
                "type": "get_attr",
                "value": "secrets"
              }
            ]
          ],
          "identity_schema_version": 0,
          "private": "bnVsbA=="
        }
      ]
    },
    {
      "module": "module.frontend_ordenes_compra",
      "mode": "managed",
      "type": "cloudflare_pages_project",
      "name": "frontend",
      "provider": "provider[\"registry.terraform.io/cloudflare/cloudflare\"]",
      "instances": [
        {
          "schema_version": 0,
          "attributes": {
            "account_id": "af8a53cede3144c25237a3f0a5ff4e95",
            "build_config": [
              {
                "build_caching": false,
                "build_command": "npm run build",
                "destination_dir": "dist",
                "root_dir": "front/monorepo/apps/ordenes-de-compra",
                "web_analytics_tag": "",
                "web_analytics_token": ""
              }
            ],
            "created_on": "2026-04-30T21:23:00Z",
            "deployment_configs": [
              {
                "preview": [
                  {
                    "always_use_latest_compatibility_date": false,
                    "compatibility_date": "2026-04-30",
                    "compatibility_flags": [],
                    "d1_databases": null,
                    "durable_object_namespaces": null,
                    "environment_variables": {
                      "NODE_VERSION": "20"
                    },
                    "fail_open": true,
                    "kv_namespaces": null,
                    "placement": [
                      {
                        "mode": ""
                      }
                    ],
                    "r2_buckets": null,
                    "secrets": null,
                    "service_binding": [],
                    "usage_model": "standard"
                  }
                ],
                "production": [
                  {
                    "always_use_latest_compatibility_date": false,
                    "compatibility_date": "2026-04-30",
                    "compatibility_flags": [],
                    "d1_databases": null,
                    "durable_object_namespaces": null,
                    "environment_variables": {
                      "NODE_VERSION": "20"
                    },
                    "fail_open": true,
                    "kv_namespaces": null,
                    "placement": [
                      {
                        "mode": ""
                      }
                    ],
                    "r2_buckets": null,
                    "secrets": null,
                    "service_binding": [],
                    "usage_model": "standard"
                  }
                ]
              }
            ],
            "domains": [
              "cosmos-ordenes-compra-poc.pages.dev"
            ],
            "id": "cosmos-ordenes-compra-poc",
            "name": "cosmos-ordenes-compra-poc",
            "production_branch": "main",
            "source": [
              {
                "config": [
                  {
                    "deployments_enabled": true,
                    "owner": "didierymartinez",
                    "pr_comments_enabled": true,
                    "preview_branch_excludes": [
                      "main",
                      "master"
                    ],
                    "preview_branch_includes": [
                      "*"
                    ],
                    "preview_deployment_setting": "all",
                    "production_branch": "main",
                    "production_deployment_enabled": true,
                    "repo_name": "poc-frontdoor"
                  }
                ],
                "type": "github"
              }
            ],
            "subdomain": "cosmos-ordenes-compra-poc.pages.dev"
          },
          "sensitive_attributes": [
            [
              {
                "type": "get_attr",
                "value": "deployment_configs"
              },
              {
                "type": "index",
                "value": {
                  "value": 0,
                  "type": "number"
                }
              },
              {
                "type": "get_attr",
                "value": "preview"
              },
              {
                "type": "index",
                "value": {
                  "value": 0,
                  "type": "number"
                }
              },
              {
                "type": "get_attr",
                "value": "secrets"
              }
            ],
            [
              {
                "type": "get_attr",
                "value": "deployment_configs"
              },
              {
                "type": "index",
                "value": {
                  "value": 0,
                  "type": "number"
                }
              },
              {
                "type": "get_attr",
                "value": "production"
              },
              {
                "type": "index",
                "value": {
                  "value": 0,
                  "type": "number"
                }
              },
              {
                "type": "get_attr",
                "value": "secrets"
              }
            ]
          ],
          "identity_schema_version": 0,
          "private": "bnVsbA=="
        }
      ]
    }
  ],
  "check_results": null
}
